{
  "name": "evento",
  "version": "1.0.0",
  "lockfileVersion": 1,
  "requires": true,
  "dependencies": {
    "date-time-picker": {
      "version": "0.5.3",
      "resolved": "https://registry.npmjs.org/date-time-picker/-/date-time-picker-0.5.3.tgz",
      "integrity": "sha512-R6WGJ7OVboaMcRrn7dM3G7iKAErWghzUbQ2rO7ZJJB3l0nwnG7sO6kh53Zc5VLV2P73sy1cMAmEMsw6XLSj0RQ=="
    },
    "jquery": {
      "version": "3.4.1",
      "resolved": "https://registry.npmjs.org/jquery/-/jquery-3.4.1.tgz",
      "integrity": "sha512-36+AdBzCL+y6qjw5Tx7HgzeGCzC81MDDgaUP8ld2zhx58HdqXGoBd+tHdrBMiyjGQs0Hxs/MLZTu/eHNJJuWPw=="
    },
    "js-datepicker": {
      "version": "4.6.4",
      "resolved": "https://registry.npmjs.org/js-datepicker/-/js-datepicker-4.6.4.tgz",
      "integrity": "sha512-U2l2RQTMuuUzbYAREaDu/r0hIv5Uwmacd1h5jSvsf33sKTzdlEzWfJiiHsEpbFBhTp9Xy4VOwlWMIihOxL6i9Q=="
    },
    "timepicker": {
      "version": "1.11.15",
      "resolved": "https://registry.npmjs.org/timepicker/-/timepicker-1.11.15.tgz",
      "integrity": "sha512-itCpFBnpCqsiAAuSsdRFjF7tb8Tpqm7btYN1P0Rea9yqcLI1M60F/OGDHegjxT+ZD5mt5Pv7pZqrPySf6gcpBg==",
      "requires": {
        "jquery": ">=1.7"
      }
    }
  }
}
